
Microsoft Visual Studio Solution File, Format Version 12.00
# Visual Studio Version 17
VisualStudioVersion = 17.1.32319.34
MinimumVisualStudioVersion = 10.0.40219.1
Project("{8BC9CEB8-8B4A-11D0-8D11-00A0C91BC942}") = "LAB_2", "LAB_2.vcxproj", "{2505B033-D44B-4C13-8D16-70614A8EE784}"
EndProject
Global
	GlobalSection(SolutionConfigurationPlatforms) = preSolution
		Debug|x64 = Debug|x64
		Debug|x86 = Debug|x86
		Release|x64 = Release|x64
		Release|x86 = Release|x86
	EndGlobalSection
	GlobalSection(ProjectConfigurationPlatforms) = postSolution
		{2505B033-D44B-4C13-8D16-70614A8EE784}.Debug|x64.ActiveCfg = Debug|x64
		{2505B033-D44B-4C13-8D16-70614A8EE784}.Debug|x64.Build.0 = Debug|x64
		{2505B033-D44B-4C13-8D16-70614A8EE784}.Debug|x86.ActiveCfg = Debug|Win32
		{2505B033-D44B-4C13-8D16-70614A8EE784}.Debug|x86.Build.0 = Debug|Win32
		{2505B033-D44B-4C13-8D16-70614A8EE784}.Release|x64.ActiveCfg = Release|x64
		{2505B033-D44B-4C13-8D16-70614A8EE784}.Release|x64.Build.0 = Release|x64
		{2505B033-D44B-4C13-8D16-70614A8EE784}.Release|x86.ActiveCfg = Release|Win32
		{2505B033-D44B-4C13-8D16-70614A8EE784}.Release|x86.Build.0 = Release|Win32
	EndGlobalSection
	GlobalSection(SolutionProperties) = preSolution
		HideSolutionNode = FALSE
	EndGlobalSection
	GlobalSection(ExtensibilityGlobals) = postSolution
		SolutionGuid = {E690F94E-5218-462C-A9E9-BE0B21515BBF}
	EndGlobalSection
EndGlobal
